// !$*UTF8*$!
{
	archiveVersion = 1;
	classes = {
	};
	objectVersion = 46;
	objects = {

/* Begin PBXBuildFile section */
		80F20F7719FDA8720007486F /* AppDelegate.swift in Sources */ = {isa = PBXBuildFile; fileRef = 80F20F7619FDA8720007486F /* AppDelegate.swift */; };
		80F20F7919FDA8720007486F /* ViewController.swift in Sources */ = {isa = PBXBuildFile; fileRef = 80F20F7819FDA8720007486F /* ViewController.swift */; };
		80F20F7C19FDA8720007486F /* Main.storyboard in Resources */ = {isa = PBXBuildFile; fileRef = 80F20F7A19FDA8720007486F /* Main.storyboard */; };
		80F20F7E19FDA8720007486F /* Images.xcassets in Resources */ = {isa = PBXBuildFile; fileRef = 80F20F7D19FDA8720007486F /* Images.xcassets */; };
		80F20F8119FDA8720007486F /* LaunchScreen.xib in Resources */ = {isa = PBXBuildFile; fileRef = 80F20F7F19FDA8720007486F /* LaunchScreen.xib */; };
		80F20F8D19FDA8720007486F /* CarWiseTests.swift in Sources */ = {isa = PBXBuildFile; fileRef = 80F20F8C19FDA8720007486F /* CarWiseTests.swift */; };
/* End PBXBuildFile section */

/* Begin PBXContainerItemProxy section */
		80F20F8719FDA8720007486F /* PBXContainerItemProxy */ = {
			isa = PBXContainerItemProxy;
			containerPortal = 80F20F6919FDA8720007486F /* Project object */;
			proxyType = 1;
			remoteGlobalIDString = 80F20F7019FDA8720007486F;
			remoteInfo = CarWise;
		};
/* End PBXContainerItemProxy section */

/* Begin PBXFileReference section */
		80F20F7119FDA8720007486F /* CarWise.app */ = {isa = PBXFileReference; explicitFileType = wrapper.application; includeInIndex = 0; path = CarWise.app; sourceTree = BUILT_PRODUCTS_DIR; };
		80F20F7519FDA8720007486F /* Info.plist */ = {isa = PBXFileReference; lastKnownFileType = text.plist.xml; path = Info.plist; sourceTree = "<group>"; };
		80F20F7619FDA8720007486F /* AppDelegate.swift */ = {isa = PBXFileReference; lastKnownFileType = sourcecode.swift; path = AppDelegate.swift; sourceTree = "<group>"; };
		80F20F7819FDA8720007486F /* ViewController.swift */ = {isa = PBXFileReference; lastKnownFileType = sourcecode.swift; path = ViewController.swift; sourceTree = "<group>"; };
		80F20F7B19FDA8720007486F /* Base */ = {isa = PBXFileReference; lastKnownFileType = file.storyboard; name = Base; path = Base.lproj/Main.storyboard; sourceTree = "<group>"; };
		80F20F7D19FDA8720007486F /* Images.xcassets */ = {isa = PBXFileReference; lastKnownFileType = folder.assetcatalog; path = Images.xcassets; sourceTree = "<group>"; };
		80F20F8019FDA8720007486F /* Base */ = {isa = PBXFileReference; lastKnownFileType = file.xib; name = Base; path = Base.lproj/LaunchScreen.xib; sourceTree = "<group>"; };
		80F20F8619FDA8720007486F /* CarWiseTests.xctest */ = {isa = PBXFileReference; explicitFileType = wrapper.cfbundle; includeInIndex = 0; path = CarWiseTests.xctest; sourceTree = BUILT_PRODUCTS_DIR; };
		80F20F8B19FDA8720007486F /* Info.plist */ = {isa = PBXFileReference; lastKnownFileType = text.plist.xml; path = Info.plist; sourceTree = "<group>"; };
		80F20F8C19FDA8720007486F /* CarWiseTests.swift */ = {isa = PBXFileReference; lastKnownFileType = sourcecode.swift; path = CarWiseTests.swift; sourceTree = "<group>"; };
/* End PBXFileReference section */

/* Begin PBXFrameworksBuildPhase section */
		80F20F6E19FDA8720007486F /* Frameworks */ = {
			isa = PBXFrameworksBuildPhase;
			buildActionMask = 2147483647;
			files = (
			);
			runOnlyForDeploymentPostprocessing = 0;
		};
		80F20F8319FDA8720007486F /* Frameworks */ = {
			isa = PBXFrameworksBuildPhase;
			buildActionMask = 2147483647;
			files = (
			);
			runOnlyForDeploymentPostprocessing = 0;
		};
/* End PBXFrameworksBuildPhase section */

/* Begin PBXGroup section */
		80F20F6819FDA8720007486F = {
			isa = PBXGroup;
			children = (
				80F20F7319FDA8720007486F /* CarWise */,
				80F20F8919FDA8720007486F /* CarWiseTests */,
				80F20F7219FDA8720007486F /* Products */,
			);
			sourceTree = "<group>";
		};
		80F20F7219FDA8720007486F /* Products */ = {
			isa = PBXGroup;
			children = (
				80F20F7119FDA8720007486F /* CarWise.app */,
				80F20F8619FDA8720007486F /* CarWiseTests.xctest */,
			);
			name = Products;
			sourceTree = "<group>";
		};
		80F20F7319FDA8720007486F /* CarWise */ = {
			isa = PBXGroup;
			children = (
				80F20F7619FDA8720007486F /* AppDelegate.swift */,
				80F20F7819FDA8720007486F /* ViewController.swift */,
				80F20F7A19FDA8720007486F /* Main.storyboard */,
				80F20F7D19FDA8720007486F /* Images.xcassets */,
				80F20F7F19FDA8720007486F /* LaunchScreen.xib */,
				80F20F7419FDA8720007486F /* Supporting Files */,
			);
			path = CarWise;
			sourceTree = "<group>";
		};
		80F20F7419FDA8720007486F /* Supporting Files */ = {
			isa = PBXGroup;
			children = (
				80F20F7519FDA8720007486F /* Info.plist */,
			);
			name = "Supporting Files";
			sourceTree = "<group>";
		};
		80F20F8919FDA8720007486F /* CarWiseTests */ = {
			isa = PBXGroup;
			children = (
				80F20F8C19FDA8720007486F /* CarWiseTests.swift */,
				80F20F8A19FDA8720007486F /* Supporting Files */,
			);
			path = CarWiseTests;
			sourceTree = "<group>";
		};
		80F20F8A19FDA8720007486F /* Supporting Files */ = {
			isa = PBXGroup;
			children = (
				80F20F8B19FDA8720007486F /* Info.plist */,
			);
			name = "Supporting Files";
			sourceTree = "<group>";
		};
/* End PBXGroup section */

/* Begin PBXNativeTarget section */
		80F20F7019FDA8720007486F /* CarWise */ = {
			isa = PBXNativeTarget;
			buildConfigurationList = 80F20F9019FDA8720007486F /* Build configuration list for PBXNativeTarget "CarWise" */;
			buildPhases = (
				80F20F6D19FDA8720007486F /* Sources */,
				80F20F6E19FDA8720007486F /* Frameworks */,
				80F20F6F19FDA8720007486F /* Resources */,
			);
			buildRules = (
			);
			dependencies = (
			);
			name = CarWise;
			productName = CarWise;
			productReference = 80F20F7119FDA8720007486F /* CarWise.app */;
			productType = "com.apple.product-type.application";
		};
		80F20F8519FDA8720007486F /* CarWiseTests */ = {
			isa = PBXNativeTarget;
			buildConfigurationList = 80F20F9319FDA8720007486F /* Build configuration list for PBXNativeTarget "CarWiseTests" */;
			buildPhases = (
				80F20F8219FDA8720007486F /* Sources */,
				80F20F8319FDA8720007486F /* Frameworks */,
				80F20F8419FDA8720007486F /* Resources */,
			);
			buildRules = (
			);
			dependencies = (
				80F20F8819FDA8720007486F /* PBXTargetDependency */,
			);
			name = CarWiseTests;
			productName = CarWiseTests;
			productReference = 80F20F8619FDA8720007486F /* CarWiseTests.xctest */;
			productType = "com.apple.product-type.bundle.unit-test";
		};
/* End PBXNativeTarget section */

/* Begin PBXProject section */
		80F20F6919FDA8720007486F /* Project object */ = {
			isa = PBXProject;
			attributes = {
				LastUpgradeCheck = 0610;
				ORGANIZATIONNAME = zamudio;
				TargetAttributes = {
					80F20F7019FDA8720007486F = {
						CreatedOnToolsVersion = 6.1;
					};
					80F20F8519FDA8720007486F = {
						CreatedOnToolsVersion = 6.1;
						TestTargetID = 80F20F7019FDA8720007486F;
					};
				};
			};
			buildConfigurationList = 80F20F6C19FDA8720007486F /* Build configuration list for PBXProject "CarWise" */;
			compatibilityVersion = "Xcode 3.2";
			developmentRegion = English;
			hasScannedForEncodings = 0;
			knownRegions = (
				en,
				Base,
			);
			mainGroup = 80F20F6819FDA8720007486F;
			productRefGroup = 80F20F7219FDA8720007486F /* Products */;
			projectDirPath = "";
			projectRoot = "";
			targets = (
				80F20F7019FDA8720007486F /* CarWise */,
				80F20F8519FDA8720007486F /* CarWiseTests */,
			);
		};
/* End PBXProject section */

/* Begin PBXResourcesBuildPhase section */
		80F20F6F19FDA8720007486F /* Resources */ = {
			isa = PBXResourcesBuildPhase;
			buildActionMask = 2147483647;
			files = (
				80F20F7C19FDA8720007486F /* Main.storyboard in Resources */,
				80F20F8119FDA8720007486F /* LaunchScreen.xib in Resources */,
				80F20F7E19FDA8720007486F /* Images.xcassets in Resources */,
			);
			runOnlyForDeploymentPostprocessing = 0;
		};
		80F20F8419FDA8720007486F /* Resources */ = {
			isa = PBXResourcesBuildPhase;
			buildActionMask = 2147483647;
			files = (
			);
			runOnlyForDeploymentPostprocessing = 0;
		};
/* End PBXResourcesBuildPhase section */

/* Begin PBXSourcesBuildPhase section */
		80F20F6D19FDA8720007486F /* Sources */ = {
			isa = PBXSourcesBuildPhase;
			buildActionMask = 2147483647;
			files = (
				80F20F7919FDA8720007486F /* ViewController.swift in Sources */,
				80F20F7719FDA8720007486F /* AppDelegate.swift in Sources */,
			);
			runOnlyForDeploymentPostprocessing = 0;
		};
		80F20F8219FDA8720007486F /* Sources */ = {
			isa = PBXSourcesBuildPhase;
			buildActionMask = 2147483647;
			files = (
				80F20F8D19FDA8720007486F /* CarWiseTests.swift in Sources */,
			);
			runOnlyForDeploymentPostprocessing = 0;
		};
/* End PBXSourcesBuildPhase section */

/* Begin PBXTargetDependency section */
		80F20F8819FDA8720007486F /* PBXTargetDependency */ = {
			isa = PBXTargetDependency;
			target = 80F20F7019FDA8720007486F /* CarWise */;
			targetProxy = 80F20F8719FDA8720007486F /* PBXContainerItemProxy */;
		};
/* End PBXTargetDependency section */

/* Begin PBXVariantGroup section */
		80F20F7A19FDA8720007486F /* Main.storyboard */ = {
			isa = PBXVariantGroup;
			children = (
				80F20F7B19FDA8720007486F /* Base */,
			);
			name = Main.storyboard;
			sourceTree = "<group>";
		};
		80F20F7F19FDA8720007486F /* LaunchScreen.xib */ = {
			isa = PBXVariantGroup;
			children = (
				80F20F8019FDA8720007486F /* Base */,
			);
			name = LaunchScreen.xib;
			sourceTree = "<group>";
		};
/* End PBXVariantGroup section */

/* Begin XCBuildConfiguration section */
		80F20F8E19FDA8720007486F /* Debug */ = {
			isa = XCBuildConfiguration;
			buildSettings = {
				ALWAYS_SEARCH_USER_PATHS = NO;
				CLANG_CXX_LANGUAGE_STANDARD = "gnu++0x";
				CLANG_CXX_LIBRARY = "libc++";
				CLANG_ENABLE_MODULES = YES;
				CLANG_ENABLE_OBJC_ARC = YES;
				CLANG_WARN_BOOL_CONVERSION = YES;
				CLANG_WARN_CONSTANT_CONVERSION = YES;
				CLANG_WARN_DIRECT_OBJC_ISA_USAGE = YES_ERROR;
				CLANG_WARN_EMPTY_BODY = YES;
				CLANG_WARN_ENUM_CONVERSION = YES;
				CLANG_WARN_INT_CONVERSION = YES;
				CLANG_WARN_OBJC_ROOT_CLASS = YES_ERROR;
				CLANG_WARN_UNREACHABLE_CODE = YES;
				CLANG_WARN__DUPLICATE_METHOD_MATCH = YES;
				"CODE_SIGN_IDENTITY[sdk=iphoneos*]" = "iPhone Developer";
				COPY_PHASE_STRIP = NO;
				ENABLE_STRICT_OBJC_MSGSEND = YES;
				GCC_C_LANGUAGE_STANDARD = gnu99;
				GCC_DYNAMIC_NO_PIC = NO;
				GCC_OPTIMIZATION_LEVEL = 0;
				GCC_PREPROCESSOR_DEFINITIONS = (
					"DEBUG=1",
					"$(inherited)",
				);
				GCC_SYMBOLS_PRIVATE_EXTERN = NO;
				GCC_WARN_64_TO_32_BIT_CONVERSION = YES;
				GCC_WARN_ABOUT_RETURN_TYPE = YES_ERROR;
				GCC_WARN_UNDECLARED_SELECTOR = YES;
				GCC_WARN_UNINITIALIZED_AUTOS = YES_AGGRESSIVE;
				GCC_WARN_UNUSED_FUNCTION = YES;
				GCC_WARN_UNUSED_VARIABLE = YES;
				IPHONEOS_DEPLOYMENT_TARGET = 8.1;
				MTL_ENABLE_DEBUG_INFO = YES;
				ONLY_ACTIVE_ARCH = YES;
				SDKROOT = iphoneos;
				SWIFT_OPTIMIZATION_LEVEL = "-Onone";
			};
			name = Debug;
		};
		80F20F8F19FDA8720007486F /* Release */ = {
			isa = XCBuildConfiguration;
			buildSettings = {
				ALWAYS_SEARCH_USER_PATHS = NO;
				CLANG_CXX_LANGUAGE_STANDARD = "gnu++0x";
				CLANG_CXX_LIBRARY = "libc++";
				CLANG_ENABLE_MODULES = YES;
				CLANG_ENABLE_OBJC_ARC = YES;
				CLANG_WARN_BOOL_CONVERSION = YES;
				CLANG_WARN_CONSTANT_CONVERSION = YES;
				CLANG_WARN_DIRECT_OBJC_ISA_USAGE = YES_ERROR;
				CLANG_WARN_EMPTY_BODY = YES;
				CLANG_WARN_ENUM_CONVERSION = YES;
				CLANG_WARN_INT_CONVERSION = YES;
				CLANG_WARN_OBJC_ROOT_CLASS = YES_ERROR;
				CLANG_WARN_UNREACHABLE_CODE = YES;
				CLANG_WARN__DUPLICATE_METHOD_MATCH = YES;
				"CODE_SIGN_IDENTITY[sdk=iphoneos*]" = "iPhone Developer";
				COPY_PHASE_STRIP = YES;
				ENABLE_NS_ASSERTIONS = NO;
				ENABLE_STRICT_OBJC_MSGSEND = YES;
				GCC_C_LANGUAGE_STANDARD = gnu99;
				GCC_WARN_64_TO_32_BIT_CONVERSION = YES;
				GCC_WARN_ABOUT_RETURN_TYPE = YES_ERROR;
				GCC_WARN_UNDECLARED_SELECTOR = YES;
				GCC_WARN_UNINITIALIZED_AUTOS = YES_AGGRESSIVE;
				GCC_WARN_UNUSED_FUNCTION = YES;
				GCC_WARN_UNUSED_VARIABLE = YES;
				IPHONEOS_DEPLOYMENT_TARGET = 8.1;
				MTL_ENABLE_DEBUG_INFO = NO;
				SDKROOT = iphoneos;
				VALIDATE_PRODUCT = YES;
			};
			name = Release;
		};
		80F20F9119FDA8720007486F /* Debug */ = {
			isa = XCBuildConfiguration;
			buildSettings = {
				ASSETCATALOG_COMPILER_APPICON_NAME = AppIcon;
				INFOPLIST_FILE = CarWise/Info.plist;
				LD_RUNPATH_SEARCH_PATHS = "$(inherited) @executable_path/Frameworks";
				PRODUCT_NAME = "$(TARGET_NAME)";
			};
			name = Debug;
		};
		80F20F9219FDA8720007486F /* Release */ = {
			isa = XCBuildConfiguration;
			buildSettings = {
				ASSETCATALOG_COMPILER_APPICON_NAME = AppIcon;
				INFOPLIST_FILE = CarWise/Info.plist;
				LD_RUNPATH_SEARCH_PATHS = "$(inherited) @executable_path/Frameworks";
				PRODUCT_NAME = "$(TARGET_NAME)";
			};
			name = Release;
		};
		80F20F9419FDA8720007486F /* Debug */ = {
			isa = XCBuildConfiguration;
			buildSettings = {
				BUNDLE_LOADER = "$(TEST_HOST)";
				FRAMEWORK_SEARCH_PATHS = (
					"$(SDKROOT)/Developer/Library/Frameworks",
					"$(inherited)",
				);
				GCC_PREPROCESSOR_DEFINITIONS = (
					"DEBUG=1",
					"$(inherited)",
				);
				INFOPLIST_FILE = CarWiseTests/Info.plist;
				LD_RUNPATH_SEARCH_PATHS = "$(inherited) @executable_path/Frameworks @loader_path/Frameworks";
				PRODUCT_NAME = "$(TARGET_NAME)";
				TEST_HOST = "$(BUILT_PRODUCTS_DIR)/CarWise.app/CarWise";
			};
			name = Debug;
		};
		80F20F9519FDA8720007486F /* Release */ = {
			isa = XCBuildConfiguration;
			buildSettings = {
				BUNDLE_LOADER = "$(TEST_HOST)";
				FRAMEWORK_SEARCH_PATHS = (
					"$(SDKROOT)/Developer/Library/Frameworks",
					"$(inherited)",
				);
				INFOPLIST_FILE = CarWiseTests/Info.plist;
				LD_RUNPATH_SEARCH_PATHS = "$(inherited) @executable_path/Frameworks @loader_path/Frameworks";
				PRODUCT_NAME = "$(TARGET_NAME)";
				TEST_HOST = "$(BUILT_PRODUCTS_DIR)/CarWise.app/CarWise";
			};
			name = Release;
		};
/* End XCBuildConfiguration section */

/* Begin XCConfigurationList section */
		80F20F6C19FDA8720007486F /* Build configuration list for PBXProject "CarWise" */ = {
			isa = XCConfigurationList;
			buildConfigurations = (
				80F20F8E19FDA8720007486F /* Debug */,
				80F20F8F19FDA8720007486F /* Release */,
			);
			defaultConfigurationIsVisible = 0;
			defaultConfigurationName = Release;
		};
		80F20F9019FDA8720007486F /* Build configuration list for PBXNativeTarget "CarWise" */ = {
			isa = XCConfigurationList;
			buildConfigurations = (
				80F20F9119FDA8720007486F /* Debug */,
				80F20F9219FDA8720007486F /* Release */,
			);
			defaultConfigurationIsVisible = 0;
		};
		80F20F9319FDA8720007486F /* Build configuration list for PBXNativeTarget "CarWiseTests" */ = {
			isa = XCConfigurationList;
			buildConfigurations = (
				80F20F9419FDA8720007486F /* Debug */,
				80F20F9519FDA8720007486F /* Release */,
			);
			defaultConfigurationIsVisible = 0;
		};
/* End XCConfigurationList section */
	};
	rootObject = 80F20F6919FDA8720007486F /* Project object */;
}
