// !$*UTF8*$!
{
	archiveVersion = 1;
	classes = {
	};
	objectVersion = 46;
	objects = {

/* Begin PBXBuildFile section */
		80A1B0F219D48FB3004FB15C /* AppDelegate.swift in Sources */ = {isa = PBXBuildFile; fileRef = 80A1B0F119D48FB3004FB15C /* AppDelegate.swift */; };
		80A1B0F419D48FB3004FB15C /* ViewController.swift in Sources */ = {isa = PBXBuildFile; fileRef = 80A1B0F319D48FB3004FB15C /* ViewController.swift */; };
		80A1B0F719D48FB3004FB15C /* Main.storyboard in Resources */ = {isa = PBXBuildFile; fileRef = 80A1B0F519D48FB3004FB15C /* Main.storyboard */; };
		80A1B0F919D48FB3004FB15C /* Images.xcassets in Resources */ = {isa = PBXBuildFile; fileRef = 80A1B0F819D48FB3004FB15C /* Images.xcassets */; };
		80A1B0FC19D48FB3004FB15C /* LaunchScreen.xib in Resources */ = {isa = PBXBuildFile; fileRef = 80A1B0FA19D48FB3004FB15C /* LaunchScreen.xib */; };
		80A1B10819D48FB3004FB15C /* carsTests.swift in Sources */ = {isa = PBXBuildFile; fileRef = 80A1B10719D48FB3004FB15C /* carsTests.swift */; };
/* End PBXBuildFile section */

/* Begin PBXContainerItemProxy section */
		80A1B10219D48FB3004FB15C /* PBXContainerItemProxy */ = {
			isa = PBXContainerItemProxy;
			containerPortal = 80A1B0E419D48FB3004FB15C /* Project object */;
			proxyType = 1;
			remoteGlobalIDString = 80A1B0EB19D48FB3004FB15C;
			remoteInfo = cars;
		};
/* End PBXContainerItemProxy section */

/* Begin PBXFileReference section */
		80A1B0EC19D48FB3004FB15C /* cars.app */ = {isa = PBXFileReference; explicitFileType = wrapper.application; includeInIndex = 0; path = cars.app; sourceTree = BUILT_PRODUCTS_DIR; };
		80A1B0F019D48FB3004FB15C /* Info.plist */ = {isa = PBXFileReference; lastKnownFileType = text.plist.xml; path = Info.plist; sourceTree = "<group>"; };
		80A1B0F119D48FB3004FB15C /* AppDelegate.swift */ = {isa = PBXFileReference; lastKnownFileType = sourcecode.swift; path = AppDelegate.swift; sourceTree = "<group>"; };
		80A1B0F319D48FB3004FB15C /* ViewController.swift */ = {isa = PBXFileReference; lastKnownFileType = sourcecode.swift; path = ViewController.swift; sourceTree = "<group>"; };
		80A1B0F619D48FB3004FB15C /* Base */ = {isa = PBXFileReference; lastKnownFileType = file.storyboard; name = Base; path = Base.lproj/Main.storyboard; sourceTree = "<group>"; };
		80A1B0F819D48FB3004FB15C /* Images.xcassets */ = {isa = PBXFileReference; lastKnownFileType = folder.assetcatalog; path = Images.xcassets; sourceTree = "<group>"; };
		80A1B0FB19D48FB3004FB15C /* Base */ = {isa = PBXFileReference; lastKnownFileType = file.xib; name = Base; path = Base.lproj/LaunchScreen.xib; sourceTree = "<group>"; };
		80A1B10119D48FB3004FB15C /* carsTests.xctest */ = {isa = PBXFileReference; explicitFileType = wrapper.cfbundle; includeInIndex = 0; path = carsTests.xctest; sourceTree = BUILT_PRODUCTS_DIR; };
		80A1B10619D48FB3004FB15C /* Info.plist */ = {isa = PBXFileReference; lastKnownFileType = text.plist.xml; path = Info.plist; sourceTree = "<group>"; };
		80A1B10719D48FB3004FB15C /* carsTests.swift */ = {isa = PBXFileReference; lastKnownFileType = sourcecode.swift; path = carsTests.swift; sourceTree = "<group>"; };
/* End PBXFileReference section */

/* Begin PBXFrameworksBuildPhase section */
		80A1B0E919D48FB3004FB15C /* Frameworks */ = {
			isa = PBXFrameworksBuildPhase;
			buildActionMask = 2147483647;
			files = (
			);
			runOnlyForDeploymentPostprocessing = 0;
		};
		80A1B0FE19D48FB3004FB15C /* Frameworks */ = {
			isa = PBXFrameworksBuildPhase;
			buildActionMask = 2147483647;
			files = (
			);
			runOnlyForDeploymentPostprocessing = 0;
		};
/* End PBXFrameworksBuildPhase section */

/* Begin PBXGroup section */
		80A1B0E319D48FB3004FB15C = {
			isa = PBXGroup;
			children = (
				80A1B0EE19D48FB3004FB15C /* cars */,
				80A1B10419D48FB3004FB15C /* carsTests */,
				80A1B0ED19D48FB3004FB15C /* Products */,
			);
			sourceTree = "<group>";
		};
		80A1B0ED19D48FB3004FB15C /* Products */ = {
			isa = PBXGroup;
			children = (
				80A1B0EC19D48FB3004FB15C /* cars.app */,
				80A1B10119D48FB3004FB15C /* carsTests.xctest */,
			);
			name = Products;
			sourceTree = "<group>";
		};
		80A1B0EE19D48FB3004FB15C /* cars */ = {
			isa = PBXGroup;
			children = (
				80A1B0F119D48FB3004FB15C /* AppDelegate.swift */,
				80A1B0F319D48FB3004FB15C /* ViewController.swift */,
				80A1B0F519D48FB3004FB15C /* Main.storyboard */,
				80A1B0F819D48FB3004FB15C /* Images.xcassets */,
				80A1B0FA19D48FB3004FB15C /* LaunchScreen.xib */,
				80A1B0EF19D48FB3004FB15C /* Supporting Files */,
			);
			path = cars;
			sourceTree = "<group>";
		};
		80A1B0EF19D48FB3004FB15C /* Supporting Files */ = {
			isa = PBXGroup;
			children = (
				80A1B0F019D48FB3004FB15C /* Info.plist */,
			);
			name = "Supporting Files";
			sourceTree = "<group>";
		};
		80A1B10419D48FB3004FB15C /* carsTests */ = {
			isa = PBXGroup;
			children = (
				80A1B10719D48FB3004FB15C /* carsTests.swift */,
				80A1B10519D48FB3004FB15C /* Supporting Files */,
			);
			path = carsTests;
			sourceTree = "<group>";
		};
		80A1B10519D48FB3004FB15C /* Supporting Files */ = {
			isa = PBXGroup;
			children = (
				80A1B10619D48FB3004FB15C /* Info.plist */,
			);
			name = "Supporting Files";
			sourceTree = "<group>";
		};
/* End PBXGroup section */

/* Begin PBXNativeTarget section */
		80A1B0EB19D48FB3004FB15C /* cars */ = {
			isa = PBXNativeTarget;
			buildConfigurationList = 80A1B10B19D48FB3004FB15C /* Build configuration list for PBXNativeTarget "cars" */;
			buildPhases = (
				80A1B0E819D48FB3004FB15C /* Sources */,
				80A1B0E919D48FB3004FB15C /* Frameworks */,
				80A1B0EA19D48FB3004FB15C /* Resources */,
			);
			buildRules = (
			);
			dependencies = (
			);
			name = cars;
			productName = cars;
			productReference = 80A1B0EC19D48FB3004FB15C /* cars.app */;
			productType = "com.apple.product-type.application";
		};
		80A1B10019D48FB3004FB15C /* carsTests */ = {
			isa = PBXNativeTarget;
			buildConfigurationList = 80A1B10E19D48FB3004FB15C /* Build configuration list for PBXNativeTarget "carsTests" */;
			buildPhases = (
				80A1B0FD19D48FB3004FB15C /* Sources */,
				80A1B0FE19D48FB3004FB15C /* Frameworks */,
				80A1B0FF19D48FB3004FB15C /* Resources */,
			);
			buildRules = (
			);
			dependencies = (
				80A1B10319D48FB3004FB15C /* PBXTargetDependency */,
			);
			name = carsTests;
			productName = carsTests;
			productReference = 80A1B10119D48FB3004FB15C /* carsTests.xctest */;
			productType = "com.apple.product-type.bundle.unit-test";
		};
/* End PBXNativeTarget section */

/* Begin PBXProject section */
		80A1B0E419D48FB3004FB15C /* Project object */ = {
			isa = PBXProject;
			attributes = {
				LastUpgradeCheck = 0600;
				ORGANIZATIONNAME = cars;
				TargetAttributes = {
					80A1B0EB19D48FB3004FB15C = {
						CreatedOnToolsVersion = 6.0;
					};
					80A1B10019D48FB3004FB15C = {
						CreatedOnToolsVersion = 6.0;
						TestTargetID = 80A1B0EB19D48FB3004FB15C;
					};
				};
			};
			buildConfigurationList = 80A1B0E719D48FB3004FB15C /* Build configuration list for PBXProject "cars" */;
			compatibilityVersion = "Xcode 3.2";
			developmentRegion = English;
			hasScannedForEncodings = 0;
			knownRegions = (
				en,
				Base,
			);
			mainGroup = 80A1B0E319D48FB3004FB15C;
			productRefGroup = 80A1B0ED19D48FB3004FB15C /* Products */;
			projectDirPath = "";
			projectRoot = "";
			targets = (
				80A1B0EB19D48FB3004FB15C /* cars */,
				80A1B10019D48FB3004FB15C /* carsTests */,
			);
		};
/* End PBXProject section */

/* Begin PBXResourcesBuildPhase section */
		80A1B0EA19D48FB3004FB15C /* Resources */ = {
			isa = PBXResourcesBuildPhase;
			buildActionMask = 2147483647;
			files = (
				80A1B0F719D48FB3004FB15C /* Main.storyboard in Resources */,
				80A1B0FC19D48FB3004FB15C /* LaunchScreen.xib in Resources */,
				80A1B0F919D48FB3004FB15C /* Images.xcassets in Resources */,
			);
			runOnlyForDeploymentPostprocessing = 0;
		};
		80A1B0FF19D48FB3004FB15C /* Resources */ = {
			isa = PBXResourcesBuildPhase;
			buildActionMask = 2147483647;
			files = (
			);
			runOnlyForDeploymentPostprocessing = 0;
		};
/* End PBXResourcesBuildPhase section */

/* Begin PBXSourcesBuildPhase section */
		80A1B0E819D48FB3004FB15C /* Sources */ = {
			isa = PBXSourcesBuildPhase;
			buildActionMask = 2147483647;
			files = (
				80A1B0F419D48FB3004FB15C /* ViewController.swift in Sources */,
				80A1B0F219D48FB3004FB15C /* AppDelegate.swift in Sources */,
			);
			runOnlyForDeploymentPostprocessing = 0;
		};
		80A1B0FD19D48FB3004FB15C /* Sources */ = {
			isa = PBXSourcesBuildPhase;
			buildActionMask = 2147483647;
			files = (
				80A1B10819D48FB3004FB15C /* carsTests.swift in Sources */,
			);
			runOnlyForDeploymentPostprocessing = 0;
		};
/* End PBXSourcesBuildPhase section */

/* Begin PBXTargetDependency section */
		80A1B10319D48FB3004FB15C /* PBXTargetDependency */ = {
			isa = PBXTargetDependency;
			target = 80A1B0EB19D48FB3004FB15C /* cars */;
			targetProxy = 80A1B10219D48FB3004FB15C /* PBXContainerItemProxy */;
		};
/* End PBXTargetDependency section */

/* Begin PBXVariantGroup section */
		80A1B0F519D48FB3004FB15C /* Main.storyboard */ = {
			isa = PBXVariantGroup;
			children = (
				80A1B0F619D48FB3004FB15C /* Base */,
			);
			name = Main.storyboard;
			sourceTree = "<group>";
		};
		80A1B0FA19D48FB3004FB15C /* LaunchScreen.xib */ = {
			isa = PBXVariantGroup;
			children = (
				80A1B0FB19D48FB3004FB15C /* Base */,
			);
			name = LaunchScreen.xib;
			sourceTree = "<group>";
		};
/* End PBXVariantGroup section */

/* Begin XCBuildConfiguration section */
		80A1B10919D48FB3004FB15C /* Debug */ = {
			isa = XCBuildConfiguration;
			buildSettings = {
				ALWAYS_SEARCH_USER_PATHS = NO;
				CLANG_CXX_LANGUAGE_STANDARD = "gnu++0x";
				CLANG_CXX_LIBRARY = "libc++";
				CLANG_ENABLE_MODULES = YES;
				CLANG_ENABLE_OBJC_ARC = YES;
				CLANG_WARN_BOOL_CONVERSION = YES;
				CLANG_WARN_CONSTANT_CONVERSION = YES;
				CLANG_WARN_DIRECT_OBJC_ISA_USAGE = YES_ERROR;
				CLANG_WARN_EMPTY_BODY = YES;
				CLANG_WARN_ENUM_CONVERSION = YES;
				CLANG_WARN_INT_CONVERSION = YES;
				CLANG_WARN_OBJC_ROOT_CLASS = YES_ERROR;
				CLANG_WARN_UNREACHABLE_CODE = YES;
				CLANG_WARN__DUPLICATE_METHOD_MATCH = YES;
				"CODE_SIGN_IDENTITY[sdk=iphoneos*]" = "iPhone Developer";
				COPY_PHASE_STRIP = NO;
				ENABLE_STRICT_OBJC_MSGSEND = YES;
				GCC_C_LANGUAGE_STANDARD = gnu99;
				GCC_DYNAMIC_NO_PIC = NO;
				GCC_OPTIMIZATION_LEVEL = 0;
				GCC_PREPROCESSOR_DEFINITIONS = (
					"DEBUG=1",
					"$(inherited)",
				);
				GCC_SYMBOLS_PRIVATE_EXTERN = NO;
				GCC_WARN_64_TO_32_BIT_CONVERSION = YES;
				GCC_WARN_ABOUT_RETURN_TYPE = YES_ERROR;
				GCC_WARN_UNDECLARED_SELECTOR = YES;
				GCC_WARN_UNINITIALIZED_AUTOS = YES_AGGRESSIVE;
				GCC_WARN_UNUSED_FUNCTION = YES;
				GCC_WARN_UNUSED_VARIABLE = YES;
				IPHONEOS_DEPLOYMENT_TARGET = 8.0;
				MTL_ENABLE_DEBUG_INFO = YES;
				ONLY_ACTIVE_ARCH = YES;
				SDKROOT = iphoneos;
				SWIFT_OPTIMIZATION_LEVEL = "-Onone";
			};
			name = Debug;
		};
		80A1B10A19D48FB3004FB15C /* Release */ = {
			isa = XCBuildConfiguration;
			buildSettings = {
				ALWAYS_SEARCH_USER_PATHS = NO;
				CLANG_CXX_LANGUAGE_STANDARD = "gnu++0x";
				CLANG_CXX_LIBRARY = "libc++";
				CLANG_ENABLE_MODULES = YES;
				CLANG_ENABLE_OBJC_ARC = YES;
				CLANG_WARN_BOOL_CONVERSION = YES;
				CLANG_WARN_CONSTANT_CONVERSION = YES;
				CLANG_WARN_DIRECT_OBJC_ISA_USAGE = YES_ERROR;
				CLANG_WARN_EMPTY_BODY = YES;
				CLANG_WARN_ENUM_CONVERSION = YES;
				CLANG_WARN_INT_CONVERSION = YES;
				CLANG_WARN_OBJC_ROOT_CLASS = YES_ERROR;
				CLANG_WARN_UNREACHABLE_CODE = YES;
				CLANG_WARN__DUPLICATE_METHOD_MATCH = YES;
				"CODE_SIGN_IDENTITY[sdk=iphoneos*]" = "iPhone Developer";
				COPY_PHASE_STRIP = YES;
				ENABLE_NS_ASSERTIONS = NO;
				ENABLE_STRICT_OBJC_MSGSEND = YES;
				GCC_C_LANGUAGE_STANDARD = gnu99;
				GCC_WARN_64_TO_32_BIT_CONVERSION = YES;
				GCC_WARN_ABOUT_RETURN_TYPE = YES_ERROR;
				GCC_WARN_UNDECLARED_SELECTOR = YES;
				GCC_WARN_UNINITIALIZED_AUTOS = YES_AGGRESSIVE;
				GCC_WARN_UNUSED_FUNCTION = YES;
				GCC_WARN_UNUSED_VARIABLE = YES;
				IPHONEOS_DEPLOYMENT_TARGET = 8.0;
				MTL_ENABLE_DEBUG_INFO = NO;
				SDKROOT = iphoneos;
				VALIDATE_PRODUCT = YES;
			};
			name = Release;
		};
		80A1B10C19D48FB3004FB15C /* Debug */ = {
			isa = XCBuildConfiguration;
			buildSettings = {
				ASSETCATALOG_COMPILER_APPICON_NAME = AppIcon;
				INFOPLIST_FILE = cars/Info.plist;
				LD_RUNPATH_SEARCH_PATHS = "$(inherited) @executable_path/Frameworks";
				PRODUCT_NAME = "$(TARGET_NAME)";
			};
			name = Debug;
		};
		80A1B10D19D48FB3004FB15C /* Release */ = {
			isa = XCBuildConfiguration;
			buildSettings = {
				ASSETCATALOG_COMPILER_APPICON_NAME = AppIcon;
				INFOPLIST_FILE = cars/Info.plist;
				LD_RUNPATH_SEARCH_PATHS = "$(inherited) @executable_path/Frameworks";
				PRODUCT_NAME = "$(TARGET_NAME)";
			};
			name = Release;
		};
		80A1B10F19D48FB3004FB15C /* Debug */ = {
			isa = XCBuildConfiguration;
			buildSettings = {
				BUNDLE_LOADER = "$(TEST_HOST)";
				FRAMEWORK_SEARCH_PATHS = (
					"$(SDKROOT)/Developer/Library/Frameworks",
					"$(inherited)",
				);
				GCC_PREPROCESSOR_DEFINITIONS = (
					"DEBUG=1",
					"$(inherited)",
				);
				INFOPLIST_FILE = carsTests/Info.plist;
				LD_RUNPATH_SEARCH_PATHS = "$(inherited) @executable_path/Frameworks @loader_path/Frameworks";
				PRODUCT_NAME = "$(TARGET_NAME)";
				TEST_HOST = "$(BUILT_PRODUCTS_DIR)/cars.app/cars";
			};
			name = Debug;
		};
		80A1B11019D48FB3004FB15C /* Release */ = {
			isa = XCBuildConfiguration;
			buildSettings = {
				BUNDLE_LOADER = "$(TEST_HOST)";
				FRAMEWORK_SEARCH_PATHS = (
					"$(SDKROOT)/Developer/Library/Frameworks",
					"$(inherited)",
				);
				INFOPLIST_FILE = carsTests/Info.plist;
				LD_RUNPATH_SEARCH_PATHS = "$(inherited) @executable_path/Frameworks @loader_path/Frameworks";
				PRODUCT_NAME = "$(TARGET_NAME)";
				TEST_HOST = "$(BUILT_PRODUCTS_DIR)/cars.app/cars";
			};
			name = Release;
		};
/* End XCBuildConfiguration section */

/* Begin XCConfigurationList section */
		80A1B0E719D48FB3004FB15C /* Build configuration list for PBXProject "cars" */ = {
			isa = XCConfigurationList;
			buildConfigurations = (
				80A1B10919D48FB3004FB15C /* Debug */,
				80A1B10A19D48FB3004FB15C /* Release */,
			);
			defaultConfigurationIsVisible = 0;
			defaultConfigurationName = Release;
		};
		80A1B10B19D48FB3004FB15C /* Build configuration list for PBXNativeTarget "cars" */ = {
			isa = XCConfigurationList;
			buildConfigurations = (
				80A1B10C19D48FB3004FB15C /* Debug */,
				80A1B10D19D48FB3004FB15C /* Release */,
			);
			defaultConfigurationIsVisible = 0;
		};
		80A1B10E19D48FB3004FB15C /* Build configuration list for PBXNativeTarget "carsTests" */ = {
			isa = XCConfigurationList;
			buildConfigurations = (
				80A1B10F19D48FB3004FB15C /* Debug */,
				80A1B11019D48FB3004FB15C /* Release */,
			);
			defaultConfigurationIsVisible = 0;
		};
/* End XCConfigurationList section */
	};
	rootObject = 80A1B0E419D48FB3004FB15C /* Project object */;
}
